
Microsoft Visual Studio Solution File, Format Version 12.00
# Visual Studio Version 17
VisualStudioVersion = 17.2.32519.379
MinimumVisualStudioVersion = 10.0.40219.1
Project("{FAE04EC0-301F-11D3-BF4B-00C04F79EFBC}") = "SDVA3", "SDVA3.csproj", "{7CB20D8E-F1AA-4683-A141-CCADE0F9F0CD}"
EndProject
Global
	GlobalSection(SolutionConfigurationPlatforms) = preSolution
		Debug|Any CPU = Debug|Any CPU
		Release|Any CPU = Release|Any CPU
	EndGlobalSection
	GlobalSection(ProjectConfigurationPlatforms) = postSolution
		{7CB20D8E-F1AA-4683-A141-CCADE0F9F0CD}.Debug|Any CPU.ActiveCfg = Debug|Any CPU
		{7CB20D8E-F1AA-4683-A141-CCADE0F9F0CD}.Debug|Any CPU.Build.0 = Debug|Any CPU
		{7CB20D8E-F1AA-4683-A141-CCADE0F9F0CD}.Release|Any CPU.ActiveCfg = Release|Any CPU
		{7CB20D8E-F1AA-4683-A141-CCADE0F9F0CD}.Release|Any CPU.Build.0 = Release|Any CPU
	EndGlobalSection
	GlobalSection(SolutionProperties) = preSolution
		HideSolutionNode = FALSE
	EndGlobalSection
	GlobalSection(ExtensibilityGlobals) = postSolution
		SolutionGuid = {14D8FA4A-64AB-4AA6-AF9F-91417C4C7689}
	EndGlobalSection
EndGlobal
